// !$*UTF8*$!
{
	archiveVersion = 1;
	classes = {
	};
	objectVersion = 50;
	objects = {

/* Begin PBXBuildFile section */
		FF38CDA42139672400F81989 /* AppDelegate.swift in Sources */ = {isa = PBXBuildFile; fileRef = FF38CDA32139672400F81989 /* AppDelegate.swift */; };
		FF38CDA62139672500F81989 /* ViewController.swift in Sources */ = {isa = PBXBuildFile; fileRef = FF38CDA52139672500F81989 /* ViewController.swift */; };
		FF38CDA92139672500F81989 /* Main.storyboard in Resources */ = {isa = PBXBuildFile; fileRef = FF38CDA72139672500F81989 /* Main.storyboard */; };
		FF38CDAC2139672500F81989 /* JustDoIt.xcdatamodeld in Sources */ = {isa = PBXBuildFile; fileRef = FF38CDAA2139672500F81989 /* JustDoIt.xcdatamodeld */; };
		FF38CDAE2139672500F81989 /* Assets.xcassets in Resources */ = {isa = PBXBuildFile; fileRef = FF38CDAD2139672500F81989 /* Assets.xcassets */; };
		FF38CDB12139672500F81989 /* LaunchScreen.storyboard in Resources */ = {isa = PBXBuildFile; fileRef = FF38CDAF2139672500F81989 /* LaunchScreen.storyboard */; };
		FF38CDB921397A6D00F81989 /* DoItTask.swift in Sources */ = {isa = PBXBuildFile; fileRef = FF38CDB821397A6D00F81989 /* DoItTask.swift */; };
		FF38CDBB213D650300F81989 /* CreateToDoViewController.swift in Sources */ = {isa = PBXBuildFile; fileRef = FF38CDBA213D650300F81989 /* CreateToDoViewController.swift */; };
		FF38CDBD213FC48400F81989 /* DeleteViewController.swift in Sources */ = {isa = PBXBuildFile; fileRef = FF38CDBC213FC48400F81989 /* DeleteViewController.swift */; };
		FF38CDBF213FC8E900F81989 /* BaseReturnViewController.swift in Sources */ = {isa = PBXBuildFile; fileRef = FF38CDBE213FC8E900F81989 /* BaseReturnViewController.swift */; };
/* End PBXBuildFile section */

/* Begin PBXFileReference section */
		FF38CDA02139672400F81989 /* JustDoIt.app */ = {isa = PBXFileReference; explicitFileType = wrapper.application; includeInIndex = 0; path = JustDoIt.app; sourceTree = BUILT_PRODUCTS_DIR; };
		FF38CDA32139672400F81989 /* AppDelegate.swift */ = {isa = PBXFileReference; lastKnownFileType = sourcecode.swift; path = AppDelegate.swift; sourceTree = "<group>"; };
		FF38CDA52139672500F81989 /* ViewController.swift */ = {isa = PBXFileReference; lastKnownFileType = sourcecode.swift; path = ViewController.swift; sourceTree = "<group>"; };
		FF38CDA82139672500F81989 /* Base */ = {isa = PBXFileReference; lastKnownFileType = file.storyboard; name = Base; path = Base.lproj/Main.storyboard; sourceTree = "<group>"; };
		FF38CDAB2139672500F81989 /* JustDoIt.xcdatamodel */ = {isa = PBXFileReference; lastKnownFileType = wrapper.xcdatamodel; path = JustDoIt.xcdatamodel; sourceTree = "<group>"; };
		FF38CDAD2139672500F81989 /* Assets.xcassets */ = {isa = PBXFileReference; lastKnownFileType = folder.assetcatalog; path = Assets.xcassets; sourceTree = "<group>"; };
		FF38CDB02139672500F81989 /* Base */ = {isa = PBXFileReference; lastKnownFileType = file.storyboard; name = Base; path = Base.lproj/LaunchScreen.storyboard; sourceTree = "<group>"; };
		FF38CDB22139672500F81989 /* Info.plist */ = {isa = PBXFileReference; lastKnownFileType = text.plist.xml; path = Info.plist; sourceTree = "<group>"; };
		FF38CDB821397A6D00F81989 /* DoItTask.swift */ = {isa = PBXFileReference; lastKnownFileType = sourcecode.swift; path = DoItTask.swift; sourceTree = "<group>"; };
		FF38CDBA213D650300F81989 /* CreateToDoViewController.swift */ = {isa = PBXFileReference; lastKnownFileType = sourcecode.swift; path = CreateToDoViewController.swift; sourceTree = "<group>"; };
		FF38CDBC213FC48400F81989 /* DeleteViewController.swift */ = {isa = PBXFileReference; lastKnownFileType = sourcecode.swift; path = DeleteViewController.swift; sourceTree = "<group>"; };
		FF38CDBE213FC8E900F81989 /* BaseReturnViewController.swift */ = {isa = PBXFileReference; lastKnownFileType = sourcecode.swift; path = BaseReturnViewController.swift; sourceTree = "<group>"; };
/* End PBXFileReference section */

/* Begin PBXFrameworksBuildPhase section */
		FF38CD9D2139672400F81989 /* Frameworks */ = {
			isa = PBXFrameworksBuildPhase;
			buildActionMask = 2147483647;
			files = (
			);
			runOnlyForDeploymentPostprocessing = 0;
		};
/* End PBXFrameworksBuildPhase section */

/* Begin PBXGroup section */
		FF38CD972139672400F81989 = {
			isa = PBXGroup;
			children = (
				FF38CDA22139672400F81989 /* JustDoIt */,
				FF38CDA12139672400F81989 /* Products */,
			);
			sourceTree = "<group>";
		};
		FF38CDA12139672400F81989 /* Products */ = {
			isa = PBXGroup;
			children = (
				FF38CDA02139672400F81989 /* JustDoIt.app */,
			);
			name = Products;
			sourceTree = "<group>";
		};
		FF38CDA22139672400F81989 /* JustDoIt */ = {
			isa = PBXGroup;
			children = (
				FF38CDA32139672400F81989 /* AppDelegate.swift */,
				FF38CDA52139672500F81989 /* ViewController.swift */,
				FF38CDA72139672500F81989 /* Main.storyboard */,
				FF38CDBE213FC8E900F81989 /* BaseReturnViewController.swift */,
				FF38CDBA213D650300F81989 /* CreateToDoViewController.swift */,
				FF38CDAD2139672500F81989 /* Assets.xcassets */,
				FF38CDAF2139672500F81989 /* LaunchScreen.storyboard */,
				FF38CDB22139672500F81989 /* Info.plist */,
				FF38CDAA2139672500F81989 /* JustDoIt.xcdatamodeld */,
				FF38CDB821397A6D00F81989 /* DoItTask.swift */,
				FF38CDBC213FC48400F81989 /* DeleteViewController.swift */,
			);
			path = JustDoIt;
			sourceTree = "<group>";
		};
/* End PBXGroup section */

/* Begin PBXNativeTarget section */
		FF38CD9F2139672400F81989 /* JustDoIt */ = {
			isa = PBXNativeTarget;
			buildConfigurationList = FF38CDB52139672500F81989 /* Build configuration list for PBXNativeTarget "JustDoIt" */;
			buildPhases = (
				FF38CD9C2139672400F81989 /* Sources */,
				FF38CD9D2139672400F81989 /* Frameworks */,
				FF38CD9E2139672400F81989 /* Resources */,
			);
			buildRules = (
			);
			dependencies = (
			);
			name = JustDoIt;
			productName = JustDoIt;
			productReference = FF38CDA02139672400F81989 /* JustDoIt.app */;
			productType = "com.apple.product-type.application";
		};
/* End PBXNativeTarget section */

/* Begin PBXProject section */
		FF38CD982139672400F81989 /* Project object */ = {
			isa = PBXProject;
			attributes = {
				LastSwiftUpdateCheck = 0940;
				LastUpgradeCheck = 0940;
				ORGANIZATIONNAME = woli;
				TargetAttributes = {
					FF38CD9F2139672400F81989 = {
						CreatedOnToolsVersion = 9.4.1;
					};
				};
			};
			buildConfigurationList = FF38CD9B2139672400F81989 /* Build configuration list for PBXProject "JustDoIt" */;
			compatibilityVersion = "Xcode 9.3";
			developmentRegion = en;
			hasScannedForEncodings = 0;
			knownRegions = (
				en,
				Base,
			);
			mainGroup = FF38CD972139672400F81989;
			productRefGroup = FF38CDA12139672400F81989 /* Products */;
			projectDirPath = "";
			projectRoot = "";
			targets = (
				FF38CD9F2139672400F81989 /* JustDoIt */,
			);
		};
/* End PBXProject section */

/* Begin PBXResourcesBuildPhase section */
		FF38CD9E2139672400F81989 /* Resources */ = {
			isa = PBXResourcesBuildPhase;
			buildActionMask = 2147483647;
			files = (
				FF38CDB12139672500F81989 /* LaunchScreen.storyboard in Resources */,
				FF38CDAE2139672500F81989 /* Assets.xcassets in Resources */,
				FF38CDA92139672500F81989 /* Main.storyboard in Resources */,
			);
			runOnlyForDeploymentPostprocessing = 0;
		};
/* End PBXResourcesBuildPhase section */

/* Begin PBXSourcesBuildPhase section */
		FF38CD9C2139672400F81989 /* Sources */ = {
			isa = PBXSourcesBuildPhase;
			buildActionMask = 2147483647;
			files = (
				FF38CDB921397A6D00F81989 /* DoItTask.swift in Sources */,
				FF38CDBF213FC8E900F81989 /* BaseReturnViewController.swift in Sources */,
				FF38CDBD213FC48400F81989 /* DeleteViewController.swift in Sources */,
				FF38CDAC2139672500F81989 /* JustDoIt.xcdatamodeld in Sources */,
				FF38CDBB213D650300F81989 /* CreateToDoViewController.swift in Sources */,
				FF38CDA62139672500F81989 /* ViewController.swift in Sources */,
				FF38CDA42139672400F81989 /* AppDelegate.swift in Sources */,
			);
			runOnlyForDeploymentPostprocessing = 0;
		};
/* End PBXSourcesBuildPhase section */

/* Begin PBXVariantGroup section */
		FF38CDA72139672500F81989 /* Main.storyboard */ = {
			isa = PBXVariantGroup;
			children = (
				FF38CDA82139672500F81989 /* Base */,
			);
			name = Main.storyboard;
			sourceTree = "<group>";
		};
		FF38CDAF2139672500F81989 /* LaunchScreen.storyboard */ = {
			isa = PBXVariantGroup;
			children = (
				FF38CDB02139672500F81989 /* Base */,
			);
			name = LaunchScreen.storyboard;
			sourceTree = "<group>";
		};
/* End PBXVariantGroup section */

/* Begin XCBuildConfiguration section */
		FF38CDB32139672500F81989 /* Debug */ = {
			isa = XCBuildConfiguration;
			buildSettings = {
				ALWAYS_SEARCH_USER_PATHS = NO;
				CLANG_ANALYZER_NONNULL = YES;
				CLANG_ANALYZER_NUMBER_OBJECT_CONVERSION = YES_AGGRESSIVE;
				CLANG_CXX_LANGUAGE_STANDARD = "gnu++14";
				CLANG_CXX_LIBRARY = "libc++";
				CLANG_ENABLE_MODULES = YES;
				CLANG_ENABLE_OBJC_ARC = YES;
				CLANG_ENABLE_OBJC_WEAK = YES;
				CLANG_WARN_BLOCK_CAPTURE_AUTORELEASING = YES;
				CLANG_WARN_BOOL_CONVERSION = YES;
				CLANG_WARN_COMMA = YES;
				CLANG_WARN_CONSTANT_CONVERSION = YES;
				CLANG_WARN_DEPRECATED_OBJC_IMPLEMENTATIONS = YES;
				CLANG_WARN_DIRECT_OBJC_ISA_USAGE = YES_ERROR;
				CLANG_WARN_DOCUMENTATION_COMMENTS = YES;
				CLANG_WARN_EMPTY_BODY = YES;
				CLANG_WARN_ENUM_CONVERSION = YES;
				CLANG_WARN_INFINITE_RECURSION = YES;
				CLANG_WARN_INT_CONVERSION = YES;
				CLANG_WARN_NON_LITERAL_NULL_CONVERSION = YES;
				CLANG_WARN_OBJC_IMPLICIT_RETAIN_SELF = YES;
				CLANG_WARN_OBJC_LITERAL_CONVERSION = YES;
				CLANG_WARN_OBJC_ROOT_CLASS = YES_ERROR;
				CLANG_WARN_RANGE_LOOP_ANALYSIS = YES;
				CLANG_WARN_STRICT_PROTOTYPES = YES;
				CLANG_WARN_SUSPICIOUS_MOVE = YES;
				CLANG_WARN_UNGUARDED_AVAILABILITY = YES_AGGRESSIVE;
				CLANG_WARN_UNREACHABLE_CODE = YES;
				CLANG_WARN__DUPLICATE_METHOD_MATCH = YES;
				CODE_SIGN_IDENTITY = "iPhone Developer";
				COPY_PHASE_STRIP = NO;
				DEBUG_INFORMATION_FORMAT = dwarf;
				ENABLE_STRICT_OBJC_MSGSEND = YES;
				ENABLE_TESTABILITY = YES;
				GCC_C_LANGUAGE_STANDARD = gnu11;
				GCC_DYNAMIC_NO_PIC = NO;
				GCC_NO_COMMON_BLOCKS = YES;
				GCC_OPTIMIZATION_LEVEL = 0;
				GCC_PREPROCESSOR_DEFINITIONS = (
					"DEBUG=1",
					"$(inherited)",
				);
				GCC_WARN_64_TO_32_BIT_CONVERSION = YES;
				GCC_WARN_ABOUT_RETURN_TYPE = YES_ERROR;
				GCC_WARN_UNDECLARED_SELECTOR = YES;
				GCC_WARN_UNINITIALIZED_AUTOS = YES_AGGRESSIVE;
				GCC_WARN_UNUSED_FUNCTION = YES;
				GCC_WARN_UNUSED_VARIABLE = YES;
				IPHONEOS_DEPLOYMENT_TARGET = 11.4;
				MTL_ENABLE_DEBUG_INFO = YES;
				ONLY_ACTIVE_ARCH = YES;
				SDKROOT = iphoneos;
				SWIFT_ACTIVE_COMPILATION_CONDITIONS = DEBUG;
				SWIFT_OPTIMIZATION_LEVEL = "-Onone";
			};
			name = Debug;
		};
		FF38CDB42139672500F81989 /* Release */ = {
			isa = XCBuildConfiguration;
			buildSettings = {
				ALWAYS_SEARCH_USER_PATHS = NO;
				CLANG_ANALYZER_NONNULL = YES;
				CLANG_ANALYZER_NUMBER_OBJECT_CONVERSION = YES_AGGRESSIVE;
				CLANG_CXX_LANGUAGE_STANDARD = "gnu++14";
				CLANG_CXX_LIBRARY = "libc++";
				CLANG_ENABLE_MODULES = YES;
				CLANG_ENABLE_OBJC_ARC = YES;
				CLANG_ENABLE_OBJC_WEAK = YES;
				CLANG_WARN_BLOCK_CAPTURE_AUTORELEASING = YES;
				CLANG_WARN_BOOL_CONVERSION = YES;
				CLANG_WARN_COMMA = YES;
				CLANG_WARN_CONSTANT_CONVERSION = YES;
				CLANG_WARN_DEPRECATED_OBJC_IMPLEMENTATIONS = YES;
				CLANG_WARN_DIRECT_OBJC_ISA_USAGE = YES_ERROR;
				CLANG_WARN_DOCUMENTATION_COMMENTS = YES;
				CLANG_WARN_EMPTY_BODY = YES;
				CLANG_WARN_ENUM_CONVERSION = YES;
				CLANG_WARN_INFINITE_RECURSION = YES;
				CLANG_WARN_INT_CONVERSION = YES;
				CLANG_WARN_NON_LITERAL_NULL_CONVERSION = YES;
				CLANG_WARN_OBJC_IMPLICIT_RETAIN_SELF = YES;
				CLANG_WARN_OBJC_LITERAL_CONVERSION = YES;
				CLANG_WARN_OBJC_ROOT_CLASS = YES_ERROR;
				CLANG_WARN_RANGE_LOOP_ANALYSIS = YES;
				CLANG_WARN_STRICT_PROTOTYPES = YES;
				CLANG_WARN_SUSPICIOUS_MOVE = YES;
				CLANG_WARN_UNGUARDED_AVAILABILITY = YES_AGGRESSIVE;
				CLANG_WARN_UNREACHABLE_CODE = YES;
				CLANG_WARN__DUPLICATE_METHOD_MATCH = YES;
				CODE_SIGN_IDENTITY = "iPhone Developer";
				COPY_PHASE_STRIP = NO;
				DEBUG_INFORMATION_FORMAT = "dwarf-with-dsym";
				ENABLE_NS_ASSERTIONS = NO;
				ENABLE_STRICT_OBJC_MSGSEND = YES;
				GCC_C_LANGUAGE_STANDARD = gnu11;
				GCC_NO_COMMON_BLOCKS = YES;
				GCC_WARN_64_TO_32_BIT_CONVERSION = YES;
				GCC_WARN_ABOUT_RETURN_TYPE = YES_ERROR;
				GCC_WARN_UNDECLARED_SELECTOR = YES;
				GCC_WARN_UNINITIALIZED_AUTOS = YES_AGGRESSIVE;
				GCC_WARN_UNUSED_FUNCTION = YES;
				GCC_WARN_UNUSED_VARIABLE = YES;
				IPHONEOS_DEPLOYMENT_TARGET = 11.4;
				MTL_ENABLE_DEBUG_INFO = NO;
				SDKROOT = iphoneos;
				SWIFT_COMPILATION_MODE = wholemodule;
				SWIFT_OPTIMIZATION_LEVEL = "-O";
				VALIDATE_PRODUCT = YES;
			};
			name = Release;
		};
		FF38CDB62139672500F81989 /* Debug */ = {
			isa = XCBuildConfiguration;
			buildSettings = {
				ASSETCATALOG_COMPILER_APPICON_NAME = AppIcon;
				CODE_SIGN_STYLE = Automatic;
				INFOPLIST_FILE = JustDoIt/Info.plist;
				LD_RUNPATH_SEARCH_PATHS = (
					"$(inherited)",
					"@executable_path/Frameworks",
				);
				PRODUCT_BUNDLE_IDENTIFIER = com.woli.JustDoIt.JustDoIt;
				PRODUCT_NAME = "$(TARGET_NAME)";
				SWIFT_VERSION = 4.0;
				TARGETED_DEVICE_FAMILY = "1,2";
			};
			name = Debug;
		};
		FF38CDB72139672500F81989 /* Release */ = {
			isa = XCBuildConfiguration;
			buildSettings = {
				ASSETCATALOG_COMPILER_APPICON_NAME = AppIcon;
				CODE_SIGN_STYLE = Automatic;
				INFOPLIST_FILE = JustDoIt/Info.plist;
				LD_RUNPATH_SEARCH_PATHS = (
					"$(inherited)",
					"@executable_path/Frameworks",
				);
				PRODUCT_BUNDLE_IDENTIFIER = com.woli.JustDoIt.JustDoIt;
				PRODUCT_NAME = "$(TARGET_NAME)";
				SWIFT_VERSION = 4.0;
				TARGETED_DEVICE_FAMILY = "1,2";
			};
			name = Release;
		};
/* End XCBuildConfiguration section */

/* Begin XCConfigurationList section */
		FF38CD9B2139672400F81989 /* Build configuration list for PBXProject "JustDoIt" */ = {
			isa = XCConfigurationList;
			buildConfigurations = (
				FF38CDB32139672500F81989 /* Debug */,
				FF38CDB42139672500F81989 /* Release */,
			);
			defaultConfigurationIsVisible = 0;
			defaultConfigurationName = Release;
		};
		FF38CDB52139672500F81989 /* Build configuration list for PBXNativeTarget "JustDoIt" */ = {
			isa = XCConfigurationList;
			buildConfigurations = (
				FF38CDB62139672500F81989 /* Debug */,
				FF38CDB72139672500F81989 /* Release */,
			);
			defaultConfigurationIsVisible = 0;
			defaultConfigurationName = Release;
		};
/* End XCConfigurationList section */

/* Begin XCVersionGroup section */
		FF38CDAA2139672500F81989 /* JustDoIt.xcdatamodeld */ = {
			isa = XCVersionGroup;
			children = (
				FF38CDAB2139672500F81989 /* JustDoIt.xcdatamodel */,
			);
			currentVersion = FF38CDAB2139672500F81989 /* JustDoIt.xcdatamodel */;
			path = JustDoIt.xcdatamodeld;
			sourceTree = "<group>";
			versionGroupType = wrapper.xcdatamodel;
		};
/* End XCVersionGroup section */
	};
	rootObject = FF38CD982139672400F81989 /* Project object */;
}
